
Microsoft Visual Studio Solution File, Format Version 12.00
# Visual Studio Version 16
VisualStudioVersion = 16.0.30104.148
MinimumVisualStudioVersion = 10.0.40219.1
Project("{FAE04EC0-301F-11D3-BF4B-00C04F79EFBC}") = "JogoAdvinhacao", "JogoAdvinhacao\JogoAdvinhacao.csproj", "{34E63666-E6C6-42A6-90C5-60B16258ED63}"
EndProject
Global
	GlobalSection(SolutionConfigurationPlatforms) = preSolution
		Debug|Any CPU = Debug|Any CPU
		Release|Any CPU = Release|Any CPU
	EndGlobalSection
	GlobalSection(ProjectConfigurationPlatforms) = postSolution
		{34E63666-E6C6-42A6-90C5-60B16258ED63}.Debug|Any CPU.ActiveCfg = Debug|Any CPU
		{34E63666-E6C6-42A6-90C5-60B16258ED63}.Debug|Any CPU.Build.0 = Debug|Any CPU
		{34E63666-E6C6-42A6-90C5-60B16258ED63}.Release|Any CPU.ActiveCfg = Release|Any CPU
		{34E63666-E6C6-42A6-90C5-60B16258ED63}.Release|Any CPU.Build.0 = Release|Any CPU
	EndGlobalSection
	GlobalSection(SolutionProperties) = preSolution
		HideSolutionNode = FALSE
	EndGlobalSection
	GlobalSection(ExtensibilityGlobals) = postSolution
		SolutionGuid = {EC9B9781-BBF1-4870-A6E4-E86EFBDBA8AA}
	EndGlobalSection
EndGlobal
